
Microsoft Visual Studio Solution File, Format Version 12.00
# Visual Studio Version 16
VisualStudioVersion = 16.0.29306.81
MinimumVisualStudioVersion = 10.0.40219.1
Project("{FAE04EC0-301F-11D3-BF4B-00C04F79EFBC}") = "EstudoCollections", "EstudoCollections\EstudoCollections.csproj", "{DCF77819-7D56-455D-ADE3-C3DD4E84EBEE}"
EndProject
Global
	GlobalSection(SolutionConfigurationPlatforms) = preSolution
		Debug|Any CPU = Debug|Any CPU
		Release|Any CPU = Release|Any CPU
	EndGlobalSection
	GlobalSection(ProjectConfigurationPlatforms) = postSolution
		{DCF77819-7D56-455D-ADE3-C3DD4E84EBEE}.Debug|Any CPU.ActiveCfg = Debug|Any CPU
		{DCF77819-7D56-455D-ADE3-C3DD4E84EBEE}.Debug|Any CPU.Build.0 = Debug|Any CPU
		{DCF77819-7D56-455D-ADE3-C3DD4E84EBEE}.Release|Any CPU.ActiveCfg = Release|Any CPU
		{DCF77819-7D56-455D-ADE3-C3DD4E84EBEE}.Release|Any CPU.Build.0 = Release|Any CPU
	EndGlobalSection
	GlobalSection(SolutionProperties) = preSolution
		HideSolutionNode = FALSE
	EndGlobalSection
	GlobalSection(ExtensibilityGlobals) = postSolution
		SolutionGuid = {4B5910FB-4F20-40EA-BB1D-03C492B7A42F}
	EndGlobalSection
EndGlobal
